// !$*UTF8*$!
{
	archiveVersion = 1;
	classes = {
	};
	objectVersion = 56;
	objects = {

/* Begin PBXBuildFile section */
		0C344769296A1684002278F6 /* NotiaApp.swift in Sources */ = {isa = PBXBuildFile; fileRef = 0C344768296A1684002278F6 /* NotiaApp.swift */; };
		0C34476B296A1684002278F6 /* ContentView.swift in Sources */ = {isa = PBXBuildFile; fileRef = 0C34476A296A1684002278F6 /* ContentView.swift */; };
		0C34476D296A1685002278F6 /* Assets.xcassets in Resources */ = {isa = PBXBuildFile; fileRef = 0C34476C296A1685002278F6 /* Assets.xcassets */; };
		0C344770296A1685002278F6 /* Preview Assets.xcassets in Resources */ = {isa = PBXBuildFile; fileRef = 0C34476F296A1685002278F6 /* Preview Assets.xcassets */; };
		0C34477A296A251B002278F6 /* RobotoMono-Medium.ttf in Resources */ = {isa = PBXBuildFile; fileRef = 0C344779296A251B002278F6 /* RobotoMono-Medium.ttf */; };
		0C34477C296A2539002278F6 /* RobotoMono-Light.ttf in Resources */ = {isa = PBXBuildFile; fileRef = 0C34477B296A2539002278F6 /* RobotoMono-Light.ttf */; };
		0CA9A4E9297062860050AC0D /* StaggeredGrid.swift in Sources */ = {isa = PBXBuildFile; fileRef = 0CA9A4E8297062860050AC0D /* StaggeredGrid.swift */; };
		0CA9A4EB297069DF0050AC0D /* GridModel.swift in Sources */ = {isa = PBXBuildFile; fileRef = 0CA9A4EA297069DF0050AC0D /* GridModel.swift */; };
		0CA9A4ED29706A630050AC0D /* sample_app.swift in Sources */ = {isa = PBXBuildFile; fileRef = 0CA9A4EC29706A630050AC0D /* sample_app.swift */; };
/* End PBXBuildFile section */

/* Begin PBXFileReference section */
		0C344765296A1684002278F6 /* Notia.app */ = {isa = PBXFileReference; explicitFileType = wrapper.application; includeInIndex = 0; path = Notia.app; sourceTree = BUILT_PRODUCTS_DIR; };
		0C344768296A1684002278F6 /* NotiaApp.swift */ = {isa = PBXFileReference; lastKnownFileType = sourcecode.swift; path = NotiaApp.swift; sourceTree = "<group>"; };
		0C34476A296A1684002278F6 /* ContentView.swift */ = {isa = PBXFileReference; lastKnownFileType = sourcecode.swift; path = ContentView.swift; sourceTree = "<group>"; };
		0C34476C296A1685002278F6 /* Assets.xcassets */ = {isa = PBXFileReference; lastKnownFileType = folder.assetcatalog; path = Assets.xcassets; sourceTree = "<group>"; };
		0C34476F296A1685002278F6 /* Preview Assets.xcassets */ = {isa = PBXFileReference; lastKnownFileType = folder.assetcatalog; path = "Preview Assets.xcassets"; sourceTree = "<group>"; };
		0C344779296A251B002278F6 /* RobotoMono-Medium.ttf */ = {isa = PBXFileReference; lastKnownFileType = file; path = "RobotoMono-Medium.ttf"; sourceTree = "<group>"; };
		0C34477B296A2539002278F6 /* RobotoMono-Light.ttf */ = {isa = PBXFileReference; lastKnownFileType = file; path = "RobotoMono-Light.ttf"; sourceTree = "<group>"; };
		0C34477D296A27E9002278F6 /* Info.plist */ = {isa = PBXFileReference; lastKnownFileType = text.plist; path = Info.plist; sourceTree = "<group>"; };
		0CA9A4E8297062860050AC0D /* StaggeredGrid.swift */ = {isa = PBXFileReference; lastKnownFileType = sourcecode.swift; path = StaggeredGrid.swift; sourceTree = "<group>"; };
		0CA9A4EA297069DF0050AC0D /* GridModel.swift */ = {isa = PBXFileReference; lastKnownFileType = sourcecode.swift; path = GridModel.swift; sourceTree = "<group>"; };
		0CA9A4EC29706A630050AC0D /* sample_app.swift */ = {isa = PBXFileReference; lastKnownFileType = sourcecode.swift; path = sample_app.swift; sourceTree = "<group>"; };
/* End PBXFileReference section */

/* Begin PBXFrameworksBuildPhase section */
		0C344762296A1684002278F6 /* Frameworks */ = {
			isa = PBXFrameworksBuildPhase;
			buildActionMask = 2147483647;
			files = (
			);
			runOnlyForDeploymentPostprocessing = 0;
		};
/* End PBXFrameworksBuildPhase section */

/* Begin PBXGroup section */
		0C34475C296A1684002278F6 = {
			isa = PBXGroup;
			children = (
				0C344767296A1684002278F6 /* Notia */,
				0C344766296A1684002278F6 /* Products */,
			);
			sourceTree = "<group>";
		};
		0C344766296A1684002278F6 /* Products */ = {
			isa = PBXGroup;
			children = (
				0C344765296A1684002278F6 /* Notia.app */,
			);
			name = Products;
			sourceTree = "<group>";
		};
		0C344767296A1684002278F6 /* Notia */ = {
			isa = PBXGroup;
			children = (
				0C34477D296A27E9002278F6 /* Info.plist */,
				0C344776296A2480002278F6 /* Fonts */,
				0C344768296A1684002278F6 /* NotiaApp.swift */,
				0C34476A296A1684002278F6 /* ContentView.swift */,
				0C34476C296A1685002278F6 /* Assets.xcassets */,
				0C34476E296A1685002278F6 /* Preview Content */,
				0CA9A4E8297062860050AC0D /* StaggeredGrid.swift */,
				0CA9A4EA297069DF0050AC0D /* GridModel.swift */,
				0CA9A4EC29706A630050AC0D /* sample_app.swift */,
			);
			path = Notia;
			sourceTree = "<group>";
		};
		0C34476E296A1685002278F6 /* Preview Content */ = {
			isa = PBXGroup;
			children = (
				0C34476F296A1685002278F6 /* Preview Assets.xcassets */,
			);
			path = "Preview Content";
			sourceTree = "<group>";
		};
		0C344776296A2480002278F6 /* Fonts */ = {
			isa = PBXGroup;
			children = (
				0C34477B296A2539002278F6 /* RobotoMono-Light.ttf */,
				0C344779296A251B002278F6 /* RobotoMono-Medium.ttf */,
			);
			path = Fonts;
			sourceTree = "<group>";
		};
/* End PBXGroup section */

/* Begin PBXNativeTarget section */
		0C344764296A1684002278F6 /* Notia */ = {
			isa = PBXNativeTarget;
			buildConfigurationList = 0C344773296A1685002278F6 /* Build configuration list for PBXNativeTarget "Notia" */;
			buildPhases = (
				0C344761296A1684002278F6 /* Sources */,
				0C344762296A1684002278F6 /* Frameworks */,
				0C344763296A1684002278F6 /* Resources */,
			);
			buildRules = (
			);
			dependencies = (
			);
			name = Notia;
			productName = Notia;
			productReference = 0C344765296A1684002278F6 /* Notia.app */;
			productType = "com.apple.product-type.application";
		};
/* End PBXNativeTarget section */

/* Begin PBXProject section */
		0C34475D296A1684002278F6 /* Project object */ = {
			isa = PBXProject;
			attributes = {
				BuildIndependentTargetsInParallel = 1;
				LastSwiftUpdateCheck = 1400;
				LastUpgradeCheck = 1400;
				TargetAttributes = {
					0C344764296A1684002278F6 = {
						CreatedOnToolsVersion = 14.0.1;
					};
				};
			};
			buildConfigurationList = 0C344760296A1684002278F6 /* Build configuration list for PBXProject "Notia" */;
			compatibilityVersion = "Xcode 14.0";
			developmentRegion = en;
			hasScannedForEncodings = 0;
			knownRegions = (
				en,
				Base,
			);
			mainGroup = 0C34475C296A1684002278F6;
			productRefGroup = 0C344766296A1684002278F6 /* Products */;
			projectDirPath = "";
			projectRoot = "";
			targets = (
				0C344764296A1684002278F6 /* Notia */,
			);
		};
/* End PBXProject section */

/* Begin PBXResourcesBuildPhase section */
		0C344763296A1684002278F6 /* Resources */ = {
			isa = PBXResourcesBuildPhase;
			buildActionMask = 2147483647;
			files = (
				0C344770296A1685002278F6 /* Preview Assets.xcassets in Resources */,
				0C34477A296A251B002278F6 /* RobotoMono-Medium.ttf in Resources */,
				0C34476D296A1685002278F6 /* Assets.xcassets in Resources */,
				0C34477C296A2539002278F6 /* RobotoMono-Light.ttf in Resources */,
			);
			runOnlyForDeploymentPostprocessing = 0;
		};
/* End PBXResourcesBuildPhase section */

/* Begin PBXSourcesBuildPhase section */
		0C344761296A1684002278F6 /* Sources */ = {
			isa = PBXSourcesBuildPhase;
			buildActionMask = 2147483647;
			files = (
				0C34476B296A1684002278F6 /* ContentView.swift in Sources */,
				0CA9A4ED29706A630050AC0D /* sample_app.swift in Sources */,
				0CA9A4EB297069DF0050AC0D /* GridModel.swift in Sources */,
				0CA9A4E9297062860050AC0D /* StaggeredGrid.swift in Sources */,
				0C344769296A1684002278F6 /* NotiaApp.swift in Sources */,
			);
			runOnlyForDeploymentPostprocessing = 0;
		};
/* End PBXSourcesBuildPhase section */

/* Begin XCBuildConfiguration section */
		0C344771296A1685002278F6 /* Debug */ = {
			isa = XCBuildConfiguration;
			buildSettings = {
				ALWAYS_SEARCH_USER_PATHS = NO;
				CLANG_ANALYZER_NONNULL = YES;
				CLANG_ANALYZER_NUMBER_OBJECT_CONVERSION = YES_AGGRESSIVE;
				CLANG_CXX_LANGUAGE_STANDARD = "gnu++20";
				CLANG_ENABLE_MODULES = YES;
				CLANG_ENABLE_OBJC_ARC = YES;
				CLANG_ENABLE_OBJC_WEAK = YES;
				CLANG_WARN_BLOCK_CAPTURE_AUTORELEASING = YES;
				CLANG_WARN_BOOL_CONVERSION = YES;
				CLANG_WARN_COMMA = YES;
				CLANG_WARN_CONSTANT_CONVERSION = YES;
				CLANG_WARN_DEPRECATED_OBJC_IMPLEMENTATIONS = YES;
				CLANG_WARN_DIRECT_OBJC_ISA_USAGE = YES_ERROR;
				CLANG_WARN_DOCUMENTATION_COMMENTS = YES;
				CLANG_WARN_EMPTY_BODY = YES;
				CLANG_WARN_ENUM_CONVERSION = YES;
				CLANG_WARN_INFINITE_RECURSION = YES;
				CLANG_WARN_INT_CONVERSION = YES;
				CLANG_WARN_NON_LITERAL_NULL_CONVERSION = YES;
				CLANG_WARN_OBJC_IMPLICIT_RETAIN_SELF = YES;
				CLANG_WARN_OBJC_LITERAL_CONVERSION = YES;
				CLANG_WARN_OBJC_ROOT_CLASS = YES_ERROR;
				CLANG_WARN_QUOTED_INCLUDE_IN_FRAMEWORK_HEADER = YES;
				CLANG_WARN_RANGE_LOOP_ANALYSIS = YES;
				CLANG_WARN_STRICT_PROTOTYPES = YES;
				CLANG_WARN_SUSPICIOUS_MOVE = YES;
				CLANG_WARN_UNGUARDED_AVAILABILITY = YES_AGGRESSIVE;
				CLANG_WARN_UNREACHABLE_CODE = YES;
				CLANG_WARN__DUPLICATE_METHOD_MATCH = YES;
				COPY_PHASE_STRIP = NO;
				DEBUG_INFORMATION_FORMAT = dwarf;
				ENABLE_STRICT_OBJC_MSGSEND = YES;
				ENABLE_TESTABILITY = YES;
				GCC_C_LANGUAGE_STANDARD = gnu11;
				GCC_DYNAMIC_NO_PIC = NO;
				GCC_NO_COMMON_BLOCKS = YES;
				GCC_OPTIMIZATION_LEVEL = 0;
				GCC_PREPROCESSOR_DEFINITIONS = (
					"DEBUG=1",
					"$(inherited)",
				);
				GCC_WARN_64_TO_32_BIT_CONVERSION = YES;
				GCC_WARN_ABOUT_RETURN_TYPE = YES_ERROR;
				GCC_WARN_UNDECLARED_SELECTOR = YES;
				GCC_WARN_UNINITIALIZED_AUTOS = YES_AGGRESSIVE;
				GCC_WARN_UNUSED_FUNCTION = YES;
				GCC_WARN_UNUSED_VARIABLE = YES;
				IPHONEOS_DEPLOYMENT_TARGET = 16.0;
				MTL_ENABLE_DEBUG_INFO = INCLUDE_SOURCE;
				MTL_FAST_MATH = YES;
				ONLY_ACTIVE_ARCH = YES;
				SDKROOT = iphoneos;
				SWIFT_ACTIVE_COMPILATION_CONDITIONS = DEBUG;
				SWIFT_OPTIMIZATION_LEVEL = "-Onone";
			};
			name = Debug;
		};
		0C344772296A1685002278F6 /* Release */ = {
			isa = XCBuildConfiguration;
			buildSettings = {
				ALWAYS_SEARCH_USER_PATHS = NO;
				CLANG_ANALYZER_NONNULL = YES;
				CLANG_ANALYZER_NUMBER_OBJECT_CONVERSION = YES_AGGRESSIVE;
				CLANG_CXX_LANGUAGE_STANDARD = "gnu++20";
				CLANG_ENABLE_MODULES = YES;
				CLANG_ENABLE_OBJC_ARC = YES;
				CLANG_ENABLE_OBJC_WEAK = YES;
				CLANG_WARN_BLOCK_CAPTURE_AUTORELEASING = YES;
				CLANG_WARN_BOOL_CONVERSION = YES;
				CLANG_WARN_COMMA = YES;
				CLANG_WARN_CONSTANT_CONVERSION = YES;
				CLANG_WARN_DEPRECATED_OBJC_IMPLEMENTATIONS = YES;
				CLANG_WARN_DIRECT_OBJC_ISA_USAGE = YES_ERROR;
				CLANG_WARN_DOCUMENTATION_COMMENTS = YES;
				CLANG_WARN_EMPTY_BODY = YES;
				CLANG_WARN_ENUM_CONVERSION = YES;
				CLANG_WARN_INFINITE_RECURSION = YES;
				CLANG_WARN_INT_CONVERSION = YES;
				CLANG_WARN_NON_LITERAL_NULL_CONVERSION = YES;
				CLANG_WARN_OBJC_IMPLICIT_RETAIN_SELF = YES;
				CLANG_WARN_OBJC_LITERAL_CONVERSION = YES;
				CLANG_WARN_OBJC_ROOT_CLASS = YES_ERROR;
				CLANG_WARN_QUOTED_INCLUDE_IN_FRAMEWORK_HEADER = YES;
				CLANG_WARN_RANGE_LOOP_ANALYSIS = YES;
				CLANG_WARN_STRICT_PROTOTYPES = YES;
				CLANG_WARN_SUSPICIOUS_MOVE = YES;
				CLANG_WARN_UNGUARDED_AVAILABILITY = YES_AGGRESSIVE;
				CLANG_WARN_UNREACHABLE_CODE = YES;
				CLANG_WARN__DUPLICATE_METHOD_MATCH = YES;
				COPY_PHASE_STRIP = NO;
				DEBUG_INFORMATION_FORMAT = "dwarf-with-dsym";
				ENABLE_NS_ASSERTIONS = NO;
				ENABLE_STRICT_OBJC_MSGSEND = YES;
				GCC_C_LANGUAGE_STANDARD = gnu11;
				GCC_NO_COMMON_BLOCKS = YES;
				GCC_WARN_64_TO_32_BIT_CONVERSION = YES;
				GCC_WARN_ABOUT_RETURN_TYPE = YES_ERROR;
				GCC_WARN_UNDECLARED_SELECTOR = YES;
				GCC_WARN_UNINITIALIZED_AUTOS = YES_AGGRESSIVE;
				GCC_WARN_UNUSED_FUNCTION = YES;
				GCC_WARN_UNUSED_VARIABLE = YES;
				IPHONEOS_DEPLOYMENT_TARGET = 16.0;
				MTL_ENABLE_DEBUG_INFO = NO;
				MTL_FAST_MATH = YES;
				SDKROOT = iphoneos;
				SWIFT_COMPILATION_MODE = wholemodule;
				SWIFT_OPTIMIZATION_LEVEL = "-O";
				VALIDATE_PRODUCT = YES;
			};
			name = Release;
		};
		0C344774296A1685002278F6 /* Debug */ = {
			isa = XCBuildConfiguration;
			buildSettings = {
				ASSETCATALOG_COMPILER_APPICON_NAME = AppIcon;
				ASSETCATALOG_COMPILER_GLOBAL_ACCENT_COLOR_NAME = AccentColor;
				CODE_SIGN_STYLE = Automatic;
				CURRENT_PROJECT_VERSION = 1;
				DEVELOPMENT_ASSET_PATHS = "\"Notia/Preview Content\"";
				DEVELOPMENT_TEAM = ABK2TMF98V;
				ENABLE_PREVIEWS = YES;
				GENERATE_INFOPLIST_FILE = YES;
				INFOPLIST_FILE = Notia/Info.plist;
				INFOPLIST_KEY_UIApplicationSceneManifest_Generation = YES;
				INFOPLIST_KEY_UIApplicationSupportsIndirectInputEvents = YES;
				INFOPLIST_KEY_UILaunchScreen_Generation = YES;
				INFOPLIST_KEY_UISupportedInterfaceOrientations_iPad = "UIInterfaceOrientationPortrait UIInterfaceOrientationPortraitUpsideDown UIInterfaceOrientationLandscapeLeft UIInterfaceOrientationLandscapeRight";
				INFOPLIST_KEY_UISupportedInterfaceOrientations_iPhone = "UIInterfaceOrientationPortrait UIInterfaceOrientationLandscapeLeft UIInterfaceOrientationLandscapeRight";
				LD_RUNPATH_SEARCH_PATHS = (
					"$(inherited)",
					"@executable_path/Frameworks",
				);
				MARKETING_VERSION = 1.0;
				PRODUCT_BUNDLE_IDENTIFIER = com.david.Notia;
				PRODUCT_NAME = "$(TARGET_NAME)";
				SWIFT_EMIT_LOC_STRINGS = YES;
				SWIFT_VERSION = 5.0;
				TARGETED_DEVICE_FAMILY = "1,2";
			};
			name = Debug;
		};
		0C344775296A1685002278F6 /* Release */ = {
			isa = XCBuildConfiguration;
			buildSettings = {
				ASSETCATALOG_COMPILER_APPICON_NAME = AppIcon;
				ASSETCATALOG_COMPILER_GLOBAL_ACCENT_COLOR_NAME = AccentColor;
				CODE_SIGN_STYLE = Automatic;
				CURRENT_PROJECT_VERSION = 1;
				DEVELOPMENT_ASSET_PATHS = "\"Notia/Preview Content\"";
				DEVELOPMENT_TEAM = ABK2TMF98V;
				ENABLE_PREVIEWS = YES;
				GENERATE_INFOPLIST_FILE = YES;
				INFOPLIST_FILE = Notia/Info.plist;
				INFOPLIST_KEY_UIApplicationSceneManifest_Generation = YES;
				INFOPLIST_KEY_UIApplicationSupportsIndirectInputEvents = YES;
				INFOPLIST_KEY_UILaunchScreen_Generation = YES;
				INFOPLIST_KEY_UISupportedInterfaceOrientations_iPad = "UIInterfaceOrientationPortrait UIInterfaceOrientationPortraitUpsideDown UIInterfaceOrientationLandscapeLeft UIInterfaceOrientationLandscapeRight";
				INFOPLIST_KEY_UISupportedInterfaceOrientations_iPhone = "UIInterfaceOrientationPortrait UIInterfaceOrientationLandscapeLeft UIInterfaceOrientationLandscapeRight";
				LD_RUNPATH_SEARCH_PATHS = (
					"$(inherited)",
					"@executable_path/Frameworks",
				);
				MARKETING_VERSION = 1.0;
				PRODUCT_BUNDLE_IDENTIFIER = com.david.Notia;
				PRODUCT_NAME = "$(TARGET_NAME)";
				SWIFT_EMIT_LOC_STRINGS = YES;
				SWIFT_VERSION = 5.0;
				TARGETED_DEVICE_FAMILY = "1,2";
			};
			name = Release;
		};
/* End XCBuildConfiguration section */

/* Begin XCConfigurationList section */
		0C344760296A1684002278F6 /* Build configuration list for PBXProject "Notia" */ = {
			isa = XCConfigurationList;
			buildConfigurations = (
				0C344771296A1685002278F6 /* Debug */,
				0C344772296A1685002278F6 /* Release */,
			);
			defaultConfigurationIsVisible = 0;
			defaultConfigurationName = Release;
		};
		0C344773296A1685002278F6 /* Build configuration list for PBXNativeTarget "Notia" */ = {
			isa = XCConfigurationList;
			buildConfigurations = (
				0C344774296A1685002278F6 /* Debug */,
				0C344775296A1685002278F6 /* Release */,
			);
			defaultConfigurationIsVisible = 0;
			defaultConfigurationName = Release;
		};
/* End XCConfigurationList section */
	};
	rootObject = 0C34475D296A1684002278F6 /* Project object */;
}
